lockfileVersion: '9.0'

settings:
  autoInstallPeers: true
  excludeLinksFromLockfile: false

importers:

  .:
    dependencies:
      '@zebrash/node':
        specifier: 1.0.4
        version: 1.0.4

packages:

  '@napi-rs/canvas-android-arm64@1.0.6':
    resolution: {integrity: sha512-CZUmZEyN/cmSN1OhRJ44vBE6xyb5ekBbsIF8dqNgizbnAiHSFNi8eAA4oyyIAe5KzJ72K16OKC2lAynZLhv32Q==}
    engines: {node: '>= 10'}
    cpu: [arm64]
    os: [android]

  '@napi-rs/canvas-darwin-arm64@1.0.6':
    resolution: {integrity: sha512-FGJsIngRfS9LDaX4t/lFthqn2Km6b61ONzjJFC6+yuabL1NgaK7x0fwrj8276OQFkjCvSpJZ7+CeZWgcy03F2w==}
    engines: {node: '>= 10'}
    cpu: [arm64]
    os: [darwin]

  '@napi-rs/canvas-darwin-x64@1.0.6':
    resolution: {integrity: sha512-wLDrtfX9V4bu6O55/WwGvPVCjfunL2bEm59lzIFk9ZQOt7oJrPzdx/ytZiQr6bMZ9XOFwvXujszYtpoCK7yUbg==}
    engines: {node: '>= 10'}
    cpu: [x64]
    os: [darwin]

  '@napi-rs/canvas-linux-arm-gnueabihf@1.0.6':
    resolution: {integrity: sha512-8TllEP/9UPDVxrBN/tnbGBsxxwG8Eo2tgyW8wDy+Gi9rm9si2I6MsDv9MlfI3a7JOuzkBcurHYDHZxwLgzAIdA==}
    engines: {node: '>= 10'}
    cpu: [arm]
    os: [linux]

  '@napi-rs/canvas-linux-arm64-gnu@1.0.6':
    resolution: {integrity: sha512-YF15AKoGrgU7aoA03CR+cATCRPQcVt6L14Lb/a9hqK7pT7/DhIkqh4qyl+a2GLfqx++yIIJfBuZ3sHM3zlXM1Q==}
    engines: {node: '>= 10'}
    cpu: [arm64]
    os: [linux]
    libc: [glibc]

  '@napi-rs/canvas-linux-arm64-musl@1.0.6':
    resolution: {integrity: sha512-zXeVWNFpj720HZln0bfAs+1/nP3Wy6Z5hUw60UJu+cvgips5jZtuX2+EjDHFk98q3BY35GaE1TQLwE9S244vPA==}
    engines: {node: '>= 10'}
    cpu: [arm64]
    os: [linux]
    libc: [musl]

  '@napi-rs/canvas-linux-riscv64-gnu@1.0.6':
    resolution: {integrity: sha512-kvy1Ypq4ODEI2WRNGvs588qTMcWCjlEIuZRyW8JXpiBnMUirgxQukIDFVDQEcrLlHP5cqZ9cvvfOkBJ7koOktA==}
    engines: {node: '>= 10'}
    cpu: [riscv64]
    os: [linux]
    libc: [glibc]

  '@napi-rs/canvas-linux-x64-gnu@1.0.6':
    resolution: {integrity: sha512-czHnfLgSCl48iluS6bNrytGYhsbSTUuIvMucAwO0mPEj1uhkHk6SUiRI0xoqv0PSFzpGFfSnQvFpm7vV+tDO+A==}
    engines: {node: '>= 10'}
    cpu: [x64]
    os: [linux]
    libc: [glibc]

  '@napi-rs/canvas-linux-x64-musl@1.0.6':
    resolution: {integrity: sha512-afsg6GyfUx8qZzjsywjimXUEWcSWETY5F80hmMb2FWVSXkRbor8IpftY2gXnasq+Y42Xug/76qTHwqvti7HRTw==}
    engines: {node: '>= 10'}
    cpu: [x64]
    os: [linux]
    libc: [musl]

  '@napi-rs/canvas-win32-arm64-msvc@1.0.6':
    resolution: {integrity: sha512-byzha357piy0wgK6IZOQtU4plpt94f6CxHFS7LhJpWYrDWWT/AitQNxRMfCNNaQHZXUB3BwNhQSfH2RpiZ0WaQ==}
    engines: {node: '>= 10'}
    cpu: [arm64]
    os: [win32]

  '@napi-rs/canvas-win32-x64-msvc@1.0.6':
    resolution: {integrity: sha512-gWLOgKGZz3hZhzg49q2PJIURwy2pCWh1zvNFXmLO1yineOPhEpoL3EV6/VIjOiKa1l2P6ieP12Eo385u1MLLVQ==}
    engines: {node: '>= 10'}
    cpu: [x64]
    os: [win32]

  '@napi-rs/canvas@1.0.6':
    resolution: {integrity: sha512-Ud4d0jLr9vSaakvfOTIjgP3hoY8kMIYgHC4mtE4L0bP3St9lf6TyCVsInvFIOEofzcUeMfDydHDy8Fs2WuWz+A==}
    engines: {node: '>= 10'}

  '@zebrash/core@1.0.4':
    resolution: {integrity: sha512-GwR5lH66NlZ4yPBQf5uGiBCIphcS4psO0U/CDjXJ2JZe/O0aF9evTucY/9N0W8UsJ86sJW8A0SNbGpoL7rB/ig==}
    engines: {node: '>=24'}

  '@zebrash/node@1.0.4':
    resolution: {integrity: sha512-pPzaIJ0R00DW4l9qmOYSwaAGFVDrqMktAAEFDYxmY9Lwg6kHQYtRfvUDIy9tuv3H/1PQvJUXNSvWqnPT5m3gTw==}
    engines: {node: '>=24'}

  fflate@0.8.3:
    resolution: {integrity: sha512-tbZNuJrLwGUp3zshBtdy4W+ORxZuIh8a5ilyIEQDC5rY1f3U20JMry0Ll3WBzU58EZKsEuJFXhb5gwv8CsPvgA==}

snapshots:

  '@napi-rs/canvas-android-arm64@1.0.6':
    optional: true

  '@napi-rs/canvas-darwin-arm64@1.0.6':
    optional: true

  '@napi-rs/canvas-darwin-x64@1.0.6':
    optional: true

  '@napi-rs/canvas-linux-arm-gnueabihf@1.0.6':
    optional: true

  '@napi-rs/canvas-linux-arm64-gnu@1.0.6':
    optional: true

  '@napi-rs/canvas-linux-arm64-musl@1.0.6':
    optional: true

  '@napi-rs/canvas-linux-riscv64-gnu@1.0.6':
    optional: true

  '@napi-rs/canvas-linux-x64-gnu@1.0.6':
    optional: true

  '@napi-rs/canvas-linux-x64-musl@1.0.6':
    optional: true

  '@napi-rs/canvas-win32-arm64-msvc@1.0.6':
    optional: true

  '@napi-rs/canvas-win32-x64-msvc@1.0.6':
    optional: true

  '@napi-rs/canvas@1.0.6':
    optionalDependencies:
      '@napi-rs/canvas-android-arm64': 1.0.6
      '@napi-rs/canvas-darwin-arm64': 1.0.6
      '@napi-rs/canvas-darwin-x64': 1.0.6
      '@napi-rs/canvas-linux-arm-gnueabihf': 1.0.6
      '@napi-rs/canvas-linux-arm64-gnu': 1.0.6
      '@napi-rs/canvas-linux-arm64-musl': 1.0.6
      '@napi-rs/canvas-linux-riscv64-gnu': 1.0.6
      '@napi-rs/canvas-linux-x64-gnu': 1.0.6
      '@napi-rs/canvas-linux-x64-musl': 1.0.6
      '@napi-rs/canvas-win32-arm64-msvc': 1.0.6
      '@napi-rs/canvas-win32-x64-msvc': 1.0.6

  '@zebrash/core@1.0.4':
    dependencies:
      fflate: 0.8.3

  '@zebrash/node@1.0.4':
    dependencies:
      '@napi-rs/canvas': 1.0.6
      '@zebrash/core': 1.0.4
      fflate: 0.8.3

  fflate@0.8.3: {}
