{
  "version": 1,
  "dependencies": {
    "net8.0": {
      "BinaryKits.Zpl.Viewer": {
        "type": "Direct",
        "requested": "[1.3.1, 1.3.1]",
        "resolved": "1.3.1",
        "contentHash": "j51CmMzZ8YC7gXEPGuypWGTyofvoVYDy0SJzFyiHkPAAslv3z/mdpeJeLn9zxgKCZvv9nRTOue2lxkjBY7J9gw==",
        "dependencies": {
          "BinaryKits.Zpl.Label": "3.3.1",
          "HarfBuzzSharp.NativeAssets.Linux": "8.3.1.2",
          "SkiaSharp.HarfBuzz": "3.119.1",
          "SkiaSharp.NativeAssets.Linux.NoDependencies": "3.119.1",
          "ZXing.Net": "0.16.11"
        }
      },
      "HarfBuzzSharp.NativeAssets.Linux": {
        "type": "Direct",
        "requested": "[8.3.1.2, 8.3.1.2]",
        "resolved": "8.3.1.2",
        "contentHash": "//Zak/ddP1XC2tMcWNEQboiFNmsQrZBnnzUyJAmibrZsd/0P1rvCaXip7MtPGkuvfwmu8Im39RytFDZERWySaw=="
      },
      "SkiaSharp.NativeAssets.Linux.NoDependencies": {
        "type": "Direct",
        "requested": "[3.119.1, 3.119.1]",
        "resolved": "3.119.1",
        "contentHash": "5jj6gBCe4K6TLnIERBXZfmUNE0TUyeTaF28RCxdCgIDVDaCAbHwEbk99eNYRFem/ubW/hKdvayZBOt6PaDL05g=="
      },
      "BinaryKits.Zpl.Label": {
        "type": "Transitive",
        "resolved": "3.3.1",
        "contentHash": "qSZ9QOfhygjagWnXGHgzG5FPF3svYjOlXM0VUFLqVstKt2lE+ftyB4NRcX2ja5mFs0oo/sIn+qXve77Ht86UdQ==",
        "dependencies": {
          "SixLabors.ImageSharp": "3.1.12"
        }
      },
      "HarfBuzzSharp": {
        "type": "Transitive",
        "resolved": "8.3.1.2",
        "contentHash": "fqZTo17dEIn/u/YZ1A6avsmF8BYoLSvDsHm+uDp38wortckHWZhJ5pMwJW97xTeOZ9/oxqwUQfRMkf6ni9s5Gw==",
        "dependencies": {
          "HarfBuzzSharp.NativeAssets.Win32": "8.3.1.2",
          "HarfBuzzSharp.NativeAssets.macOS": "8.3.1.2"
        }
      },
      "HarfBuzzSharp.NativeAssets.macOS": {
        "type": "Transitive",
        "resolved": "8.3.1.2",
        "contentHash": "+0NtlZSQA540z6VpVoajXldvAOuj5D+BWceh70U3YApxcpUKD/5hjdbdzvyhRaTSTCSZNjRxeaWpBpgJ1U1YcQ=="
      },
      "HarfBuzzSharp.NativeAssets.Win32": {
        "type": "Transitive",
        "resolved": "8.3.1.2",
        "contentHash": "qmYJsYtOPVeLg7NQoKO5fq1oc5mRKzdgxBXWICx0R03epZ1RIsuzgWRFhVNN0br3c+J+9rIQhy0SXdBwVv0ebA=="
      },
      "SixLabors.ImageSharp": {
        "type": "Transitive",
        "resolved": "3.1.12",
        "contentHash": "iAg6zifihXEFS/t7fiHhZBGAdCp3FavsF4i2ZIDp0JfeYeDVzvmlbY1CNhhIKimaIzrzSi5M/NBFcWvZT2rB/A=="
      },
      "SkiaSharp": {
        "type": "Transitive",
        "resolved": "3.119.1",
        "contentHash": "+Ru1BTSZQne3Vp+vbSb50Ke3Nlc3ZnItxx4+751J9WZ8YzLKAV/n+9DAo4zFTyeCI//ueT63c+VybmTTpYBEiw==",
        "dependencies": {
          "SkiaSharp.NativeAssets.Win32": "3.119.1",
          "SkiaSharp.NativeAssets.macOS": "3.119.1"
        }
      },
      "SkiaSharp.HarfBuzz": {
        "type": "Transitive",
        "resolved": "3.119.1",
        "contentHash": "+Lu9kCmxgEJVUeIljhEOgrB4dr4iwPP08jgswKk3bGPUwInmqDGUUriMoYD9prFlVa0wOWDLG/hfl3HIHNJHRg==",
        "dependencies": {
          "HarfBuzzSharp": "8.3.1.2",
          "SkiaSharp": "3.119.1"
        }
      },
      "SkiaSharp.NativeAssets.macOS": {
        "type": "Transitive",
        "resolved": "3.119.1",
        "contentHash": "6hR3BdLhApjDxR1bFrJ7/lMydPfI01s3K+3WjIXFUlfC0MFCFCwRzv+JtzIkW9bDXs7XUVQS+6EVf0uzCasnGQ=="
      },
      "SkiaSharp.NativeAssets.Win32": {
        "type": "Transitive",
        "resolved": "3.119.1",
        "contentHash": "8C4GSXVJqSr0y3Tyyv5jz6MJSTVUyYkMjeKrzK+VyZPGLo89MNoUEclVuYahzOCDdtbfXrd2HtxXfDuvoSXrUw=="
      },
      "ZXing.Net": {
        "type": "Transitive",
        "resolved": "0.16.11",
        "contentHash": "OZfAVu88hl87BffQ+rlWCj/vLvAhhCK4QnFaoveeF/MY8SjHNSYBQ3qyUEWlPKNgBQGh1syXhCDg10vUnCsqkg=="
      }
    }
  }
}