{
  "version": 1,
  "dependencies": {
    "net8.0": {
      "BinaryKits.Zpl.Viewer": {
        "type": "Direct",
        "requested": "[1.3.1, 1.3.1]",
        "resolved": "1.3.1",
        "contentHash": "j51CmMzZ8YC7gXEPGuypWGTyofvoVYDy0SJzFyiHkPAAslv3z/mdpeJeLn9zxgKCZvv9nRTOue2lxkjBY7J9gw==",
        "dependencies": {
          "BinaryKits.Zpl.Label": "3.3.1",
          "HarfBuzzSharp.NativeAssets.Linux": "8.3.1.2",
          "SkiaSharp.HarfBuzz": "3.119.1",
          "SkiaSharp.NativeAssets.Linux.NoDependencies": "3.119.1",
          "ZXing.Net": "0.16.11"
        }
      },
      "HarfBuzzSharp.NativeAssets.Linux": {
        "type": "Direct",
        "requested": "[8.3.1.5, 8.3.1.5]",
        "resolved": "8.3.1.5",
        "contentHash": "Rvm05tL7QTNEGrhcrfvN/J5j7SGjGclp8J70JTQW4498U4+4cPC5yovn5V1l6ngSGufK6Ck47JVp6alYwhkGKg=="
      },
      "SkiaSharp.HarfBuzz": {
        "type": "Direct",
        "requested": "[3.119.4, 3.119.4]",
        "resolved": "3.119.4",
        "contentHash": "YkN+X5fW9hXFlkoYaxDfYHuSE7SzIHlYMdWarmk03WOad1Rur8zJqGp1dkYp69FGpFxBVgnd/euiJnDPfr3WZQ==",
        "dependencies": {
          "HarfBuzzSharp": "8.3.1.5",
          "SkiaSharp": "3.119.4"
        }
      },
      "SkiaSharp.NativeAssets.Linux.NoDependencies": {
        "type": "Direct",
        "requested": "[3.119.4, 3.119.4]",
        "resolved": "3.119.4",
        "contentHash": "iFnpOfZoim2SwhSPy0EJNZtQAaWM7D0A6Q1YvquwOXUdQAFrSy81Tfb1I4c0IHrrQnoVjcZPcwOc1+VM2ja77w=="
      },
      "BinaryKits.Zpl.Label": {
        "type": "Transitive",
        "resolved": "3.3.1",
        "contentHash": "qSZ9QOfhygjagWnXGHgzG5FPF3svYjOlXM0VUFLqVstKt2lE+ftyB4NRcX2ja5mFs0oo/sIn+qXve77Ht86UdQ==",
        "dependencies": {
          "SixLabors.ImageSharp": "3.1.12"
        }
      },
      "HarfBuzzSharp": {
        "type": "Transitive",
        "resolved": "8.3.1.5",
        "contentHash": "K0+U7592Ne10BCuHZrZYIbaYUQy20CsYM9A3+Xjz3UpLPjs6nosbQtDYp2PueWJ7AQ5/htbyO8WqnUe+uf8AAQ==",
        "dependencies": {
          "HarfBuzzSharp.NativeAssets.Win32": "8.3.1.5",
          "HarfBuzzSharp.NativeAssets.macOS": "8.3.1.5"
        }
      },
      "HarfBuzzSharp.NativeAssets.macOS": {
        "type": "Transitive",
        "resolved": "8.3.1.5",
        "contentHash": "TWSbMOIBiGvCTnR2MUlmhnP92L7qwYmpDXSNOkYQUh6Iuc7W7Y3z/Q+X3N6scvbZbDmfbZjqbNUqDEz/JzpwBg=="
      },
      "HarfBuzzSharp.NativeAssets.Win32": {
        "type": "Transitive",
        "resolved": "8.3.1.5",
        "contentHash": "p95FW4SwP50qD4cq6e2/P5DP7As6c6aQU5qHvsdCKorX5GFLHUMIx/zQgiLvB871xQrhdN24sZyMbCufnTHvsQ=="
      },
      "SixLabors.ImageSharp": {
        "type": "Transitive",
        "resolved": "3.1.12",
        "contentHash": "iAg6zifihXEFS/t7fiHhZBGAdCp3FavsF4i2ZIDp0JfeYeDVzvmlbY1CNhhIKimaIzrzSi5M/NBFcWvZT2rB/A=="
      },
      "SkiaSharp": {
        "type": "Transitive",
        "resolved": "3.119.4",
        "contentHash": "53NOSUZ1Us+91Sm0uCkIivh/k7jOowRErZT2sIWwPFN9mLUvdxnE6rS4sWo4255+Rd2MWUSF+j0NMZHD6Cke+Q==",
        "dependencies": {
          "SkiaSharp.NativeAssets.Win32": "3.119.4",
          "SkiaSharp.NativeAssets.macOS": "3.119.4"
        }
      },
      "SkiaSharp.NativeAssets.macOS": {
        "type": "Transitive",
        "resolved": "3.119.4",
        "contentHash": "fgBOWEqbY012x7gMfJU4ezgz6dfhJb30Z6YdW35h85Zoe39+a8YNbAAwL29ihPfWoppg5AjvyKNzD1oCvlqWwA=="
      },
      "SkiaSharp.NativeAssets.Win32": {
        "type": "Transitive",
        "resolved": "3.119.4",
        "contentHash": "XOpbx/4CReO2wYsq2s6rbvdauc6dntG4Zv499sHGTJ87bwZaFXszFkwql3+FIZMc8kUPeaj3Mx2ezIJmo8a1Kg=="
      },
      "ZXing.Net": {
        "type": "Transitive",
        "resolved": "0.16.11",
        "contentHash": "OZfAVu88hl87BffQ+rlWCj/vLvAhhCK4QnFaoveeF/MY8SjHNSYBQ3qyUEWlPKNgBQGh1syXhCDg10vUnCsqkg=="
      }
    }
  }
}