{
  "version": 1,
  "dependencies": {
    "net10.0": {
      "BinaryKits.Zpl.Viewer": {
        "type": "Direct",
        "requested": "[1.3.1, 1.3.1]",
        "resolved": "1.3.1",
        "contentHash": "j51CmMzZ8YC7gXEPGuypWGTyofvoVYDy0SJzFyiHkPAAslv3z/mdpeJeLn9zxgKCZvv9nRTOue2lxkjBY7J9gw==",
        "dependencies": {
          "BinaryKits.Zpl.Label": "3.3.1",
          "HarfBuzzSharp.NativeAssets.Linux": "8.3.1.2",
          "SkiaSharp.HarfBuzz": "3.119.1",
          "SkiaSharp.NativeAssets.Linux.NoDependencies": "3.119.1",
          "ZXing.Net": "0.16.11"
        }
      },
      "HarfBuzzSharp.NativeAssets.Linux": {
        "type": "Direct",
        "requested": "[14.2.1.301, 14.2.1.301]",
        "resolved": "14.2.1.301",
        "contentHash": "z9+VeNETkwp+raqhEfS+6aAfDl1MLxZxmE9GE/edhTIIwkXhZbPn0JUfhpqqjNy1Q0rQrZCzaJ2VNgVbQR+2MQ=="
      },
      "SkiaSharp.HarfBuzz": {
        "type": "Direct",
        "requested": "[4.153.1, 4.153.1]",
        "resolved": "4.153.1",
        "contentHash": "57/8+VBQPSltb5MKYIlm0mn7BSoCci7Yq2ffIJSr5nK1fM0NAIIpO6SQVmUXTP9BpZBxa/oaje5odQHyjAJBlQ==",
        "dependencies": {
          "HarfBuzzSharp": "14.2.1.301",
          "SkiaSharp": "4.153.1"
        }
      },
      "SkiaSharp.NativeAssets.Linux.NoDependencies": {
        "type": "Direct",
        "requested": "[4.153.1, 4.153.1]",
        "resolved": "4.153.1",
        "contentHash": "NrnPjcxjcRau4GMOY0BTpUdMey+MnmLU3jC5AuExEFHPS2NkX1tdkXW0n/c5nQMMHBTAMpHnt7qEOpXs2FNfIQ=="
      },
      "BinaryKits.Zpl.Label": {
        "type": "Transitive",
        "resolved": "3.3.1",
        "contentHash": "qSZ9QOfhygjagWnXGHgzG5FPF3svYjOlXM0VUFLqVstKt2lE+ftyB4NRcX2ja5mFs0oo/sIn+qXve77Ht86UdQ==",
        "dependencies": {
          "SixLabors.ImageSharp": "3.1.12"
        }
      },
      "HarfBuzzSharp": {
        "type": "Transitive",
        "resolved": "14.2.1.301",
        "contentHash": "FNlv2OCprGHp3EcaZ9Fc2O3ojl7sGHg418Ey+8g/UwKkPGgBUfdWuhdVOH8pB0wkVkMsFOZH7dr4iOFtVrB88Q==",
        "dependencies": {
          "HarfBuzzSharp.NativeAssets.Win32": "14.2.1.301",
          "HarfBuzzSharp.NativeAssets.macOS": "14.2.1.301"
        }
      },
      "HarfBuzzSharp.NativeAssets.macOS": {
        "type": "Transitive",
        "resolved": "14.2.1.301",
        "contentHash": "NHHoxkjGkU6BnWyksKjM7TrIReXzpgXuss+ahhUgby0oJuYR9/HaxkfezYe3abpmWDN1PYWM5SBZWob3TzpkKA=="
      },
      "HarfBuzzSharp.NativeAssets.Win32": {
        "type": "Transitive",
        "resolved": "14.2.1.301",
        "contentHash": "mL1atDEKtJSqutOFjLP/hiA8rTGqOQCHBpfkG3rXnTFJCqN94oAKhR8a7+bhxxxvSgj4soJXUBICSYGte5odNA=="
      },
      "SixLabors.ImageSharp": {
        "type": "Transitive",
        "resolved": "3.1.12",
        "contentHash": "iAg6zifihXEFS/t7fiHhZBGAdCp3FavsF4i2ZIDp0JfeYeDVzvmlbY1CNhhIKimaIzrzSi5M/NBFcWvZT2rB/A=="
      },
      "SkiaSharp": {
        "type": "Transitive",
        "resolved": "4.153.1",
        "contentHash": "TghYLOUaP3q6rTjQw7U9uQaaXh8lEs9rfA1U7/VtmyAptVDtj/SmjtcWzFWmcC/VMWxe3QgbV9uyvqDL7ySFtQ==",
        "dependencies": {
          "SkiaSharp.NativeAssets.Win32": "4.153.1",
          "SkiaSharp.NativeAssets.macOS": "4.153.1"
        }
      },
      "SkiaSharp.NativeAssets.macOS": {
        "type": "Transitive",
        "resolved": "4.153.1",
        "contentHash": "YTojWeWIhnpF7uC8vpMxB5wRONKkDB2t3r/nNPA3DL2pgj9fqMXRevA/rIanYazWnco4jo1ufgp3HkXuh1Tz8A=="
      },
      "SkiaSharp.NativeAssets.Win32": {
        "type": "Transitive",
        "resolved": "4.153.1",
        "contentHash": "Yqg6rChTVh0BUE8QQxtOA3uUBnihfgID4yex/AvDa0+os2bVcBjmI3Qj9tnOB+R1hd/Jry1Gwl8qw5JI9HZG8Q=="
      },
      "ZXing.Net": {
        "type": "Transitive",
        "resolved": "0.16.11",
        "contentHash": "OZfAVu88hl87BffQ+rlWCj/vLvAhhCK4QnFaoveeF/MY8SjHNSYBQ3qyUEWlPKNgBQGh1syXhCDg10vUnCsqkg=="
      }
    }
  }
}