{
  "name": "zpl-renderer-js",
  "lockfileVersion": 3,
  "requires": true,
  "packages": {
    "": {
      "dependencies": {
        "zpl-renderer-js": "4.0.0"
      }
    },
    "node_modules/zpl-renderer-js": {
      "version": "4.0.0",
      "resolved": "https://registry.npmjs.org/zpl-renderer-js/-/zpl-renderer-js-4.0.0.tgz",
      "integrity": "sha512-tcpyTVldabjbPj5Nmru1mieh/Y0OEs+VsqTlzMZLgSeB+wnldxKeLha7VRJmeGZJw3rlxu+wTberFKiuwhfcOA==",
      "license": "MIT"
    }
  }
}
